<?xml version="1.0" encoding="utf-8"?>
<Project ToolsVersion="4.0" xmlns="http://schemas.microsoft.com/developer/msbuild/2003">
  <ItemGroup>
    <ClCompile Include="main.cpp" />
    <ClCompile Include="opengl_model_displayer.cpp">
      <Filter>Source Files</Filter>
    </ClCompile>
    <ClCompile Include="GeneratedFiles\Debug\moc_opengl_model_displayer.cpp">
      <Filter>Generated Files\Debug</Filter>
    </ClCompile>
    <ClCompile Include="GeneratedFiles\Release\moc_opengl_model_displayer.cpp">
      <Filter>Generated Files\Release</Filter>
    </ClCompile>
    <ClCompile Include="GeneratedFiles\qrc_opengl_model_displayer.cpp">
      <Filter>Generated Files</Filter>
    </ClCompile>
    <ClCompile Include="gl_robot.cpp">
      <Filter>Source Files</Filter>
    </ClCompile>
    <ClCompile Include="gl_simple_model.cpp">
      <Filter>Source Files</Filter>
    </ClCompile>
    <ClCompile Include="gl_mesh.cpp">
      <Filter>Source Files</Filter>
    </ClCompile>
    <ClCompile Include="gl_hierarchical_model.cpp">
      <Filter>Source Files</Filter>
    </ClCompile>
    <ClCompile Include="gl_shader.cpp">
      <Filter>Source Files</Filter>
    </ClCompile>
    <ClCompile Include="gl_texture.cpp">
      <Filter>Source Files</Filter>
    </ClCompile>
  </ItemGroup>
  <ItemGroup>
    <Filter Include="Resource Files">
      <UniqueIdentifier>{D9D6E242-F8AF-46E4-B9FD-80ECBC20BA3E}</UniqueIdentifier>
      <Extensions>qrc;*</Extensions>
      <ParseFiles>false</ParseFiles>
    </Filter>
    <Filter Include="Source Files">
      <UniqueIdentifier>{4FC737F1-C7A5-4376-A066-2A32D752A2FF}</UniqueIdentifier>
      <Extensions>cpp;cxx;c;def</Extensions>
      <ParseFiles>true</ParseFiles>
    </Filter>
    <Filter Include="Header Files">
      <UniqueIdentifier>{93995380-89BD-4b04-88EB-625FBE52EBFB}</UniqueIdentifier>
      <Extensions>h</Extensions>
      <ParseFiles>true</ParseFiles>
    </Filter>
    <Filter Include="Generated Files">
      <UniqueIdentifier>{71ED8ED8-ACB9-4CE9-BBE1-E00B30144E11}</UniqueIdentifier>
      <Extensions>moc;h;cpp</Extensions>
      <ParseFiles>true</ParseFiles>
    </Filter>
    <Filter Include="Generated Files\Debug">
      <UniqueIdentifier>{6512ebf0-d69b-42e8-83df-d6d4beab7495}</UniqueIdentifier>
      <Extensions>cpp;moc</Extensions>
      <SourceControlFiles>False</SourceControlFiles>
    </Filter>
    <Filter Include="Generated Files\Release">
      <UniqueIdentifier>{9203f76e-bfa1-4b51-849d-08fb7086bef7}</UniqueIdentifier>
      <Extensions>cpp;moc</Extensions>
      <SourceControlFiles>False</SourceControlFiles>
    </Filter>
    <Filter Include="Form Files">
      <UniqueIdentifier>{99349809-55BA-4b9d-BF79-8FDBB0286EB3}</UniqueIdentifier>
      <Extensions>ui</Extensions>
      <ParseFiles>true</ParseFiles>
    </Filter>
    <Filter Include="Source Files\Shaders">
      <UniqueIdentifier>{2d0715f6-e325-43a0-9af8-0db55e0ec0af}</UniqueIdentifier>
    </Filter>
  </ItemGroup>
  <ItemGroup>
    <CustomBuild Include="opengl_model_displayer.h">
      <Filter>Header Files</Filter>
    </CustomBuild>
    <CustomBuild Include="opengl_model_displayer.ui">
      <Filter>Form Files</Filter>
    </CustomBuild>
    <CustomBuild Include="opengl_model_displayer.qrc">
      <Filter>Resource Files</Filter>
    </CustomBuild>
  </ItemGroup>
  <ItemGroup>
    <ClInclude Include="GeneratedFiles\ui_opengl_model_displayer.h">
      <Filter>Generated Files</Filter>
    </ClInclude>
    <ClInclude Include="gl_animation.h">
      <Filter>Header Files</Filter>
    </ClInclude>
    <ClInclude Include="gl_hierarchical_model.h">
      <Filter>Header Files</Filter>
    </ClInclude>
    <ClInclude Include="gl_math.h">
      <Filter>Header Files</Filter>
    </ClInclude>
    <ClInclude Include="gl_mesh.h">
      <Filter>Header Files</Filter>
    </ClInclude>
    <ClInclude Include="gl_robot.h">
      <Filter>Header Files</Filter>
    </ClInclude>
    <ClInclude Include="gl_simple_model.h">
      <Filter>Header Files</Filter>
    </ClInclude>
    <ClInclude Include="gl_texture.h">
      <Filter>Header Files</Filter>
    </ClInclude>
    <ClInclude Include="gl_shader.h">
      <Filter>Header Files</Filter>
    </ClInclude>
  </ItemGroup>
  <ItemGroup>
    <ResourceCompile Include="OpenGL Model Displayer.rc" />
  </ItemGroup>
  <ItemGroup>
    <None Include="..\shaders\fragment_shader.glsl">
      <Filter>Source Files\Shaders</Filter>
    </None>
    <None Include="..\shaders\vertex_shader.glsl">
      <Filter>Source Files\Shaders</Filter>
    </None>
  </ItemGroup>
</Project>